
Microsoft Visual Studio Solution File, Format Version 12.00
# Visual Studio 15
VisualStudioVersion = 15.0.28307.271
MinimumVisualStudioVersion = 10.0.40219.1
Project("{00D1A9C2-B5F0-4AF3-8072-F6C62B433612}") = "moolahFinancialDatabase", "moolahFinancialDatabase.sqlproj", "{A27DB3F2-BDA8-4AF8-A6C9-3B08171249D4}"
EndProject
Global
	GlobalSection(SolutionConfigurationPlatforms) = preSolution
		Debug|Any CPU = Debug|Any CPU
		Release|Any CPU = Release|Any CPU
	EndGlobalSection
	GlobalSection(ProjectConfigurationPlatforms) = postSolution
		{A27DB3F2-BDA8-4AF8-A6C9-3B08171249D4}.Debug|Any CPU.ActiveCfg = Debug|Any CPU
		{A27DB3F2-BDA8-4AF8-A6C9-3B08171249D4}.Debug|Any CPU.Build.0 = Debug|Any CPU
		{A27DB3F2-BDA8-4AF8-A6C9-3B08171249D4}.Debug|Any CPU.Deploy.0 = Debug|Any CPU
		{A27DB3F2-BDA8-4AF8-A6C9-3B08171249D4}.Release|Any CPU.ActiveCfg = Release|Any CPU
		{A27DB3F2-BDA8-4AF8-A6C9-3B08171249D4}.Release|Any CPU.Build.0 = Release|Any CPU
		{A27DB3F2-BDA8-4AF8-A6C9-3B08171249D4}.Release|Any CPU.Deploy.0 = Release|Any CPU
	EndGlobalSection
	GlobalSection(SolutionProperties) = preSolution
		HideSolutionNode = FALSE
	EndGlobalSection
	GlobalSection(ExtensibilityGlobals) = postSolution
		SolutionGuid = {AE6D46A8-1A4E-41BF-A6C8-74CACA62A321}
	EndGlobalSection
EndGlobal
