
Microsoft Visual Studio Solution File, Format Version 12.00
# Visual Studio 15
VisualStudioVersion = 15.0.28010.2041
MinimumVisualStudioVersion = 10.0.40219.1
Project("{FAE04EC0-301F-11D3-BF4B-00C04F79EFBC}") = "moolahFinancialAPI", "moolahFinancialAPI\moolahFinancialAPI.csproj", "{C8814C90-CCE3-458A-A92E-6D4EC5C11800}"
EndProject
Project("{FAE04EC0-301F-11D3-BF4B-00C04F79EFBC}") = "moolahFinancialAPI.Tests", "moolahFinancialAPI.Tests\moolahFinancialAPI.Tests.csproj", "{54FFBB9E-6375-48D1-A4EB-E9F98CAC7554}"
EndProject
Global
	GlobalSection(SolutionConfigurationPlatforms) = preSolution
		Debug|Any CPU = Debug|Any CPU
		Release|Any CPU = Release|Any CPU
	EndGlobalSection
	GlobalSection(ProjectConfigurationPlatforms) = postSolution
		{C8814C90-CCE3-458A-A92E-6D4EC5C11800}.Debug|Any CPU.ActiveCfg = Debug|Any CPU
		{C8814C90-CCE3-458A-A92E-6D4EC5C11800}.Debug|Any CPU.Build.0 = Debug|Any CPU
		{C8814C90-CCE3-458A-A92E-6D4EC5C11800}.Release|Any CPU.ActiveCfg = Release|Any CPU
		{C8814C90-CCE3-458A-A92E-6D4EC5C11800}.Release|Any CPU.Build.0 = Release|Any CPU
		{54FFBB9E-6375-48D1-A4EB-E9F98CAC7554}.Debug|Any CPU.ActiveCfg = Debug|Any CPU
		{54FFBB9E-6375-48D1-A4EB-E9F98CAC7554}.Debug|Any CPU.Build.0 = Debug|Any CPU
		{54FFBB9E-6375-48D1-A4EB-E9F98CAC7554}.Release|Any CPU.ActiveCfg = Release|Any CPU
		{54FFBB9E-6375-48D1-A4EB-E9F98CAC7554}.Release|Any CPU.Build.0 = Release|Any CPU
	EndGlobalSection
	GlobalSection(SolutionProperties) = preSolution
		HideSolutionNode = FALSE
	EndGlobalSection
	GlobalSection(ExtensibilityGlobals) = postSolution
		SolutionGuid = {C8E96B44-0478-4227-82F7-0C228FE957F7}
	EndGlobalSection
EndGlobal
