
Microsoft Visual Studio Solution File, Format Version 12.00
# Visual Studio 15
VisualStudioVersion = 15.0.28010.2041
MinimumVisualStudioVersion = 10.0.40219.1
Project("{FAE04EC0-301F-11D3-BF4B-00C04F79EFBC}") = "MoolahFinancialBackend", "MoolahFinancialBackend\MoolahFinancialBackend.csproj", "{B1A29498-D5DC-477C-BB74-29A5F971D4DC}"
EndProject
Global
	GlobalSection(SolutionConfigurationPlatforms) = preSolution
		Debug|Any CPU = Debug|Any CPU
		Release|Any CPU = Release|Any CPU
	EndGlobalSection
	GlobalSection(ProjectConfigurationPlatforms) = postSolution
		{B1A29498-D5DC-477C-BB74-29A5F971D4DC}.Debug|Any CPU.ActiveCfg = Debug|Any CPU
		{B1A29498-D5DC-477C-BB74-29A5F971D4DC}.Debug|Any CPU.Build.0 = Debug|Any CPU
		{B1A29498-D5DC-477C-BB74-29A5F971D4DC}.Release|Any CPU.ActiveCfg = Release|Any CPU
		{B1A29498-D5DC-477C-BB74-29A5F971D4DC}.Release|Any CPU.Build.0 = Release|Any CPU
	EndGlobalSection
	GlobalSection(SolutionProperties) = preSolution
		HideSolutionNode = FALSE
	EndGlobalSection
	GlobalSection(ExtensibilityGlobals) = postSolution
		SolutionGuid = {A76E61F5-93D0-4E83-A48A-E3F297754F63}
	EndGlobalSection
EndGlobal
